
Microsoft Visual Studio Solution File, Format Version 12.00
# Visual Studio Version 16
VisualStudioVersion = 16.0.31321.278
MinimumVisualStudioVersion = 10.0.40219.1
Project("{FAE04EC0-301F-11D3-BF4B-00C04F79EFBC}") = "ConApp", "ConApp\ConApp.csproj", "{9E74264E-2126-4642-8168-B0DA652B18E9}"
EndProject
Project("{FAE04EC0-301F-11D3-BF4B-00C04F79EFBC}") = "MvcApp", "MvcApp\MvcApp.csproj", "{260D1E72-7FB2-4E2A-88F0-C91699B2C277}"
EndProject
Global
	GlobalSection(SolutionConfigurationPlatforms) = preSolution
		Debug|Any CPU = Debug|Any CPU
		Release|Any CPU = Release|Any CPU
	EndGlobalSection
	GlobalSection(ProjectConfigurationPlatforms) = postSolution
		{9E74264E-2126-4642-8168-B0DA652B18E9}.Debug|Any CPU.ActiveCfg = Debug|Any CPU
		{9E74264E-2126-4642-8168-B0DA652B18E9}.Debug|Any CPU.Build.0 = Debug|Any CPU
		{9E74264E-2126-4642-8168-B0DA652B18E9}.Release|Any CPU.ActiveCfg = Release|Any CPU
		{9E74264E-2126-4642-8168-B0DA652B18E9}.Release|Any CPU.Build.0 = Release|Any CPU
		{260D1E72-7FB2-4E2A-88F0-C91699B2C277}.Debug|Any CPU.ActiveCfg = Debug|Any CPU
		{260D1E72-7FB2-4E2A-88F0-C91699B2C277}.Debug|Any CPU.Build.0 = Debug|Any CPU
		{260D1E72-7FB2-4E2A-88F0-C91699B2C277}.Release|Any CPU.ActiveCfg = Release|Any CPU
		{260D1E72-7FB2-4E2A-88F0-C91699B2C277}.Release|Any CPU.Build.0 = Release|Any CPU
	EndGlobalSection
	GlobalSection(SolutionProperties) = preSolution
		HideSolutionNode = FALSE
	EndGlobalSection
	GlobalSection(ExtensibilityGlobals) = postSolution
		SolutionGuid = {A29AC058-9DDF-401C-9ED7-95D7D1755CED}
	EndGlobalSection
EndGlobal
